
Microsoft Visual Studio Solution File, Format Version 12.00
# Visual Studio 15
VisualStudioVersion = 15.0.27004.2008
MinimumVisualStudioVersion = 10.0.40219.1
Project("{FAE04EC0-301F-11D3-BF4B-00C04F79EFBC}") = "BankingService", "BankingService\BankingService.csproj", "{7A13F478-03D7-4AD2-85F1-6437E975C65D}"
EndProject
Project("{FAE04EC0-301F-11D3-BF4B-00C04F79EFBC}") = "CommonStuff", "CommonStuff\CommonStuff.csproj", "{D6E4534D-6A82-4EE5-9F7A-82DDAEE160A5}"
EndProject
Project("{FAE04EC0-301F-11D3-BF4B-00C04F79EFBC}") = "Client", "Client\Client.csproj", "{A35C8866-E9F4-4E08-A1BE-385F2756404D}"
EndProject
Project("{FAE04EC0-301F-11D3-BF4B-00C04F79EFBC}") = "DatabaseLib", "DatabaseLib\DatabaseLib.csproj", "{8F6BDB88-6E72-459E-8088-92F28520CE1E}"
EndProject
Global
	GlobalSection(SolutionConfigurationPlatforms) = preSolution
		Debug|Any CPU = Debug|Any CPU
		Release|Any CPU = Release|Any CPU
	EndGlobalSection
	GlobalSection(ProjectConfigurationPlatforms) = postSolution
		{7A13F478-03D7-4AD2-85F1-6437E975C65D}.Debug|Any CPU.ActiveCfg = Debug|Any CPU
		{7A13F478-03D7-4AD2-85F1-6437E975C65D}.Debug|Any CPU.Build.0 = Debug|Any CPU
		{7A13F478-03D7-4AD2-85F1-6437E975C65D}.Release|Any CPU.ActiveCfg = Release|Any CPU
		{7A13F478-03D7-4AD2-85F1-6437E975C65D}.Release|Any CPU.Build.0 = Release|Any CPU
		{D6E4534D-6A82-4EE5-9F7A-82DDAEE160A5}.Debug|Any CPU.ActiveCfg = Debug|Any CPU
		{D6E4534D-6A82-4EE5-9F7A-82DDAEE160A5}.Debug|Any CPU.Build.0 = Debug|Any CPU
		{D6E4534D-6A82-4EE5-9F7A-82DDAEE160A5}.Release|Any CPU.ActiveCfg = Release|Any CPU
		{D6E4534D-6A82-4EE5-9F7A-82DDAEE160A5}.Release|Any CPU.Build.0 = Release|Any CPU
		{A35C8866-E9F4-4E08-A1BE-385F2756404D}.Debug|Any CPU.ActiveCfg = Debug|Any CPU
		{A35C8866-E9F4-4E08-A1BE-385F2756404D}.Debug|Any CPU.Build.0 = Debug|Any CPU
		{A35C8866-E9F4-4E08-A1BE-385F2756404D}.Release|Any CPU.ActiveCfg = Release|Any CPU
		{A35C8866-E9F4-4E08-A1BE-385F2756404D}.Release|Any CPU.Build.0 = Release|Any CPU
		{8F6BDB88-6E72-459E-8088-92F28520CE1E}.Debug|Any CPU.ActiveCfg = Debug|Any CPU
		{8F6BDB88-6E72-459E-8088-92F28520CE1E}.Debug|Any CPU.Build.0 = Debug|Any CPU
		{8F6BDB88-6E72-459E-8088-92F28520CE1E}.Release|Any CPU.ActiveCfg = Release|Any CPU
		{8F6BDB88-6E72-459E-8088-92F28520CE1E}.Release|Any CPU.Build.0 = Release|Any CPU
	EndGlobalSection
	GlobalSection(SolutionProperties) = preSolution
		HideSolutionNode = FALSE
	EndGlobalSection
	GlobalSection(ExtensibilityGlobals) = postSolution
		SolutionGuid = {40DEBECA-2466-4B92-A6F3-940DFDEF68BB}
	EndGlobalSection
EndGlobal
